{
  "name": "TypeScript",
  "lockfileVersion": 2,
  "requires": true,
  "packages": {
    "": {
      "dependencies": {
        "@delegateas/xrmdefinitelytyped": "^4.3.10"
      }
    },
    "node_modules/@delegateas/xrmdefinitelytyped": {
      "version": "4.3.10",
      "resolved": "https://registry.npmjs.org/@delegateas/xrmdefinitelytyped/-/xrmdefinitelytyped-4.3.10.tgz",
      "integrity": "sha512-zk+vJXp9uLYms4QlW6XYI+NiRn8QbI6aeH35HShZU2lj0MJcb5d4eVbimbefpUFqUI//muDSZKu8ajqhfP66Xg=="
    }
  },
  "dependencies": {
    "@delegateas/xrmdefinitelytyped": {
      "version": "4.3.10",
      "resolved": "https://registry.npmjs.org/@delegateas/xrmdefinitelytyped/-/xrmdefinitelytyped-4.3.10.tgz",
      "integrity": "sha512-zk+vJXp9uLYms4QlW6XYI+NiRn8QbI6aeH35HShZU2lj0MJcb5d4eVbimbefpUFqUI//muDSZKu8ajqhfP66Xg=="
    }
  }
}
